
Microsoft Visual Studio Solution File, Format Version 12.00
# Visual Studio Version 17
VisualStudioVersion = 17.4.33110.190
MinimumVisualStudioVersion = 10.0.40219.1
Project("{FAE04EC0-301F-11D3-BF4B-00C04F79EFBC}") = "LINQ", "LINQ\LINQ.csproj", "{8B440D34-8664-4B51-9A02-599CEF536261}"
EndProject
Global
	GlobalSection(SolutionConfigurationPlatforms) = preSolution
		Debug|Any CPU = Debug|Any CPU
		Release|Any CPU = Release|Any CPU
	EndGlobalSection
	GlobalSection(ProjectConfigurationPlatforms) = postSolution
		{8B440D34-8664-4B51-9A02-599CEF536261}.Debug|Any CPU.ActiveCfg = Debug|Any CPU
		{8B440D34-8664-4B51-9A02-599CEF536261}.Debug|Any CPU.Build.0 = Debug|Any CPU
		{8B440D34-8664-4B51-9A02-599CEF536261}.Release|Any CPU.ActiveCfg = Release|Any CPU
		{8B440D34-8664-4B51-9A02-599CEF536261}.Release|Any CPU.Build.0 = Release|Any CPU
	EndGlobalSection
	GlobalSection(SolutionProperties) = preSolution
		HideSolutionNode = FALSE
	EndGlobalSection
	GlobalSection(ExtensibilityGlobals) = postSolution
		SolutionGuid = {67096A95-586D-4337-9AE3-FBCE63EA05C1}
	EndGlobalSection
EndGlobal
